
Microsoft Visual Studio Solution File, Format Version 12.00
Project("{2150E333-8FDC-42A3-9474-1A3956D46DE8}") = "src", "src", "{76E8D32A-6548-4053-A315-72A6289E97AB}"
EndProject
Project("{2150E333-8FDC-42A3-9474-1A3956D46DE8}") = "test", "test", "{566BF5BE-4525-4AAB-A8BB-2A6A23EDDC2D}"
EndProject
Project("{2150E333-8FDC-42A3-9474-1A3956D46DE8}") = "UI", "UI", "{B8151F91-1E77-45C5-A57C-A7A0AFBB6DD9}"
EndProject
Project("{2150E333-8FDC-42A3-9474-1A3956D46DE8}") = "Core", "Core", "{9FA68286-AECC-4FA3-9279-6E8B6010AF2A}"
EndProject
Project("{2150E333-8FDC-42A3-9474-1A3956D46DE8}") = "Infrastructure", "Infrastructure", "{ABD85981-EEB3-4928-80AE-C434298C8A0D}"
EndProject
Project("{2150E333-8FDC-42A3-9474-1A3956D46DE8}") = "API", "API", "{772D779B-F194-4134-8037-D9348ED931CE}"
EndProject
Project("{FAE04EC0-301F-11D3-BF4B-00C04F79EFBC}") = "HR.LeaveManagement.Domain", "HR.LeaveManagement.Domain\HR.LeaveManagement.Domain.csproj", "{D01CB07A-199F-49B3-81F8-5D29B56224AD}"
EndProject
Project("{FAE04EC0-301F-11D3-BF4B-00C04F79EFBC}") = "HR.LeaveManagement.Application", "HR.LeaveManagement.Application\HR.LeaveManagement.Application.csproj", "{3C931F0B-1AAA-4FEB-B737-19BFECC09147}"
EndProject
Project("{FAE04EC0-301F-11D3-BF4B-00C04F79EFBC}") = "HR.LeaveManagement.Persistence", "HR.LeaveManagement.Persistence\HR.LeaveManagement.Persistence.csproj", "{CD93E921-FCDB-4ADD-9069-2E4A37452057}"
EndProject
Project("{FAE04EC0-301F-11D3-BF4B-00C04F79EFBC}") = "HR.LeaveManagement.Infrastructure", "HR.LeaveManagement.Infrastructure\HR.LeaveManagement.Infrastructure.csproj", "{B3DD8264-978D-4888-BD53-AF74207B2055}"
EndProject
Project("{FAE04EC0-301F-11D3-BF4B-00C04F79EFBC}") = "HR.LeaveManagement.Api", "HR.LeaveManagement.Api\HR.LeaveManagement.Api.csproj", "{8BEEDC7A-7C88-4BC1-9C49-9998E051C82F}"
EndProject
Global
	GlobalSection(SolutionConfigurationPlatforms) = preSolution
		Debug|Any CPU = Debug|Any CPU
		Release|Any CPU = Release|Any CPU
	EndGlobalSection
	GlobalSection(NestedProjects) = preSolution
		{B8151F91-1E77-45C5-A57C-A7A0AFBB6DD9} = {76E8D32A-6548-4053-A315-72A6289E97AB}
		{9FA68286-AECC-4FA3-9279-6E8B6010AF2A} = {76E8D32A-6548-4053-A315-72A6289E97AB}
		{ABD85981-EEB3-4928-80AE-C434298C8A0D} = {76E8D32A-6548-4053-A315-72A6289E97AB}
		{772D779B-F194-4134-8037-D9348ED931CE} = {76E8D32A-6548-4053-A315-72A6289E97AB}
		{D01CB07A-199F-49B3-81F8-5D29B56224AD} = {9FA68286-AECC-4FA3-9279-6E8B6010AF2A}
		{3C931F0B-1AAA-4FEB-B737-19BFECC09147} = {9FA68286-AECC-4FA3-9279-6E8B6010AF2A}
		{CD93E921-FCDB-4ADD-9069-2E4A37452057} = {ABD85981-EEB3-4928-80AE-C434298C8A0D}
		{B3DD8264-978D-4888-BD53-AF74207B2055} = {ABD85981-EEB3-4928-80AE-C434298C8A0D}
		{8BEEDC7A-7C88-4BC1-9C49-9998E051C82F} = {772D779B-F194-4134-8037-D9348ED931CE}
	EndGlobalSection
	GlobalSection(ProjectConfigurationPlatforms) = postSolution
		{D01CB07A-199F-49B3-81F8-5D29B56224AD}.Debug|Any CPU.ActiveCfg = Debug|Any CPU
		{D01CB07A-199F-49B3-81F8-5D29B56224AD}.Debug|Any CPU.Build.0 = Debug|Any CPU
		{D01CB07A-199F-49B3-81F8-5D29B56224AD}.Release|Any CPU.ActiveCfg = Release|Any CPU
		{D01CB07A-199F-49B3-81F8-5D29B56224AD}.Release|Any CPU.Build.0 = Release|Any CPU
		{3C931F0B-1AAA-4FEB-B737-19BFECC09147}.Debug|Any CPU.ActiveCfg = Debug|Any CPU
		{3C931F0B-1AAA-4FEB-B737-19BFECC09147}.Debug|Any CPU.Build.0 = Debug|Any CPU
		{3C931F0B-1AAA-4FEB-B737-19BFECC09147}.Release|Any CPU.ActiveCfg = Release|Any CPU
		{3C931F0B-1AAA-4FEB-B737-19BFECC09147}.Release|Any CPU.Build.0 = Release|Any CPU
		{CD93E921-FCDB-4ADD-9069-2E4A37452057}.Debug|Any CPU.ActiveCfg = Debug|Any CPU
		{CD93E921-FCDB-4ADD-9069-2E4A37452057}.Debug|Any CPU.Build.0 = Debug|Any CPU
		{CD93E921-FCDB-4ADD-9069-2E4A37452057}.Release|Any CPU.ActiveCfg = Release|Any CPU
		{CD93E921-FCDB-4ADD-9069-2E4A37452057}.Release|Any CPU.Build.0 = Release|Any CPU
		{B3DD8264-978D-4888-BD53-AF74207B2055}.Debug|Any CPU.ActiveCfg = Debug|Any CPU
		{B3DD8264-978D-4888-BD53-AF74207B2055}.Debug|Any CPU.Build.0 = Debug|Any CPU
		{B3DD8264-978D-4888-BD53-AF74207B2055}.Release|Any CPU.ActiveCfg = Release|Any CPU
		{B3DD8264-978D-4888-BD53-AF74207B2055}.Release|Any CPU.Build.0 = Release|Any CPU
		{8BEEDC7A-7C88-4BC1-9C49-9998E051C82F}.Debug|Any CPU.ActiveCfg = Debug|Any CPU
		{8BEEDC7A-7C88-4BC1-9C49-9998E051C82F}.Debug|Any CPU.Build.0 = Debug|Any CPU
		{8BEEDC7A-7C88-4BC1-9C49-9998E051C82F}.Release|Any CPU.ActiveCfg = Release|Any CPU
		{8BEEDC7A-7C88-4BC1-9C49-9998E051C82F}.Release|Any CPU.Build.0 = Release|Any CPU
	EndGlobalSection
EndGlobal
